
Microsoft Visual Studio Solution File, Format Version 12.00
# Visual Studio 15
Project("{FAE04EC0-301F-11D3-BF4B-00C04F79EFBC}") = "Assembly-CSharp-Editor", "Assembly-CSharp-Editor.csproj", "{9C5C9710-84AB-F357-B66A-05B0BE611F18}"
EndProject
Project("{FAE04EC0-301F-11D3-BF4B-00C04F79EFBC}") = "Assembly-CSharp", "Assembly-CSharp.csproj", "{00199F25-99AE-E11A-9304-8B76669D1BC7}"
EndProject
Global
	GlobalSection(SolutionConfigurationPlatforms) = preSolution
		Debug|Any CPU = Debug|Any CPU
		Release|Any CPU = Release|Any CPU
	EndGlobalSection
	GlobalSection(ProjectConfigurationPlatforms) = postSolution
		{9C5C9710-84AB-F357-B66A-05B0BE611F18}.Debug|Any CPU.ActiveCfg = Debug|Any CPU
		{9C5C9710-84AB-F357-B66A-05B0BE611F18}.Debug|Any CPU.Build.0 = Debug|Any CPU
		{9C5C9710-84AB-F357-B66A-05B0BE611F18}.Release|Any CPU.ActiveCfg = Release|Any CPU
		{9C5C9710-84AB-F357-B66A-05B0BE611F18}.Release|Any CPU.Build.0 = Release|Any CPU
		{00199F25-99AE-E11A-9304-8B76669D1BC7}.Debug|Any CPU.ActiveCfg = Debug|Any CPU
		{00199F25-99AE-E11A-9304-8B76669D1BC7}.Debug|Any CPU.Build.0 = Debug|Any CPU
		{00199F25-99AE-E11A-9304-8B76669D1BC7}.Release|Any CPU.ActiveCfg = Release|Any CPU
		{00199F25-99AE-E11A-9304-8B76669D1BC7}.Release|Any CPU.Build.0 = Release|Any CPU
	EndGlobalSection
	GlobalSection(SolutionProperties) = preSolution
		HideSolutionNode = FALSE
	EndGlobalSection
EndGlobal
